
Microsoft Visual Studio Solution File, Format Version 12.00
# Visual Studio Version 17
VisualStudioVersion = 17.4.35026.314
MinimumVisualStudioVersion = 10.0.40219.1
Project("{9A19103F-16F7-4668-BE54-9A1E7A4F7556}") = "WorkoutApp.BL", "WorkoutApp.BL\WorkoutApp.BL.csproj", "{1CB9759A-84A7-47A7-851F-71265BA48EA7}"
EndProject
Project("{9A19103F-16F7-4668-BE54-9A1E7A4F7556}") = "WorkoutApp.CMD", "WorkoutApp.CMD\WorkoutApp.CMD.csproj", "{0DDD6B3A-C1D5-4FD0-BBF7-3A607A484582}"
EndProject
Project("{9A19103F-16F7-4668-BE54-9A1E7A4F7556}") = "WorkoutApp.BLTests", "WorkoutApp.BLTests\WorkoutApp.BLTests.csproj", "{6F3F38DE-1C51-4808-A290-AEBCB2F9712D}"
EndProject
Project("{54435603-DBB4-11D2-8724-00A0C9A8B90C}") = "setup", "setup\setup.vdproj", "{68740E55-12E5-42C8-91DA-54096718A5DB}"
EndProject
Global
	GlobalSection(SolutionConfigurationPlatforms) = preSolution
		Debug|Any CPU = Debug|Any CPU
		Release|Any CPU = Release|Any CPU
	EndGlobalSection
	GlobalSection(ProjectConfigurationPlatforms) = postSolution
		{1CB9759A-84A7-47A7-851F-71265BA48EA7}.Debug|Any CPU.ActiveCfg = Debug|Any CPU
		{1CB9759A-84A7-47A7-851F-71265BA48EA7}.Debug|Any CPU.Build.0 = Debug|Any CPU
		{1CB9759A-84A7-47A7-851F-71265BA48EA7}.Release|Any CPU.ActiveCfg = Release|Any CPU
		{1CB9759A-84A7-47A7-851F-71265BA48EA7}.Release|Any CPU.Build.0 = Release|Any CPU
		{0DDD6B3A-C1D5-4FD0-BBF7-3A607A484582}.Debug|Any CPU.ActiveCfg = Debug|Any CPU
		{0DDD6B3A-C1D5-4FD0-BBF7-3A607A484582}.Debug|Any CPU.Build.0 = Debug|Any CPU
		{0DDD6B3A-C1D5-4FD0-BBF7-3A607A484582}.Release|Any CPU.ActiveCfg = Release|Any CPU
		{0DDD6B3A-C1D5-4FD0-BBF7-3A607A484582}.Release|Any CPU.Build.0 = Release|Any CPU
		{6F3F38DE-1C51-4808-A290-AEBCB2F9712D}.Debug|Any CPU.ActiveCfg = Debug|Any CPU
		{6F3F38DE-1C51-4808-A290-AEBCB2F9712D}.Debug|Any CPU.Build.0 = Debug|Any CPU
		{6F3F38DE-1C51-4808-A290-AEBCB2F9712D}.Release|Any CPU.ActiveCfg = Release|Any CPU
		{6F3F38DE-1C51-4808-A290-AEBCB2F9712D}.Release|Any CPU.Build.0 = Release|Any CPU
		{68740E55-12E5-42C8-91DA-54096718A5DB}.Debug|Any CPU.ActiveCfg = Debug
		{68740E55-12E5-42C8-91DA-54096718A5DB}.Release|Any CPU.ActiveCfg = Release
	EndGlobalSection
	GlobalSection(SolutionProperties) = preSolution
		HideSolutionNode = FALSE
	EndGlobalSection
	GlobalSection(ExtensibilityGlobals) = postSolution
		SolutionGuid = {E61846D4-2E2D-4F7C-A1C5-267F3D607CB1}
	EndGlobalSection
EndGlobal
